
Microsoft Visual Studio Solution File, Format Version 12.00
Project("{FAE04EC0-301F-11D3-BF4B-00C04F79EFBC}") = "BasicUserManagementSystem.Api", "BasicUserManagementSystem.Api\BasicUserManagementSystem.Api.csproj", "{8FD9FBD5-5D82-4E13-82D0-AE721A53F8A9}"
EndProject
Project("{FAE04EC0-301F-11D3-BF4B-00C04F79EFBC}") = "Application", "Application\Application.csproj", "{028D788B-F8BE-4B70-B36C-DD28BA0BCCF1}"
EndProject
Project("{FAE04EC0-301F-11D3-BF4B-00C04F79EFBC}") = "Domain", "Domain\Domain.csproj", "{94A8E0AA-40F8-44DC-9513-A95BC0DC1BDE}"
EndProject
Project("{2150E333-8FDC-42A3-9474-1A3956D46DE8}") = "Core", "Core", "{DE077B85-A146-4FD9-A516-1B96C8AFA3EE}"
EndProject
Project("{FAE04EC0-301F-11D3-BF4B-00C04F79EFBC}") = "Persistance", "Persistance\Persistance.csproj", "{D799009F-A76B-45C4-96F7-CB6D0F4425C5}"
EndProject
Project("{2150E333-8FDC-42A3-9474-1A3956D46DE8}") = "External", "External", "{A55EE891-807C-426A-808A-AC3CF45152EE}"
EndProject
Project("{FAE04EC0-301F-11D3-BF4B-00C04F79EFBC}") = "Infrastructure", "Infrastructure\Infrastructure.csproj", "{A42B61A8-2BBF-4A67-B2DB-80319CBD04B6}"
EndProject
Global
	GlobalSection(SolutionConfigurationPlatforms) = preSolution
		Debug|Any CPU = Debug|Any CPU
		Release|Any CPU = Release|Any CPU
	EndGlobalSection
	GlobalSection(ProjectConfigurationPlatforms) = postSolution
		{8FD9FBD5-5D82-4E13-82D0-AE721A53F8A9}.Debug|Any CPU.ActiveCfg = Debug|Any CPU
		{8FD9FBD5-5D82-4E13-82D0-AE721A53F8A9}.Debug|Any CPU.Build.0 = Debug|Any CPU
		{8FD9FBD5-5D82-4E13-82D0-AE721A53F8A9}.Release|Any CPU.ActiveCfg = Release|Any CPU
		{8FD9FBD5-5D82-4E13-82D0-AE721A53F8A9}.Release|Any CPU.Build.0 = Release|Any CPU
		{028D788B-F8BE-4B70-B36C-DD28BA0BCCF1}.Debug|Any CPU.ActiveCfg = Debug|Any CPU
		{028D788B-F8BE-4B70-B36C-DD28BA0BCCF1}.Debug|Any CPU.Build.0 = Debug|Any CPU
		{028D788B-F8BE-4B70-B36C-DD28BA0BCCF1}.Release|Any CPU.ActiveCfg = Release|Any CPU
		{028D788B-F8BE-4B70-B36C-DD28BA0BCCF1}.Release|Any CPU.Build.0 = Release|Any CPU
		{94A8E0AA-40F8-44DC-9513-A95BC0DC1BDE}.Debug|Any CPU.ActiveCfg = Debug|Any CPU
		{94A8E0AA-40F8-44DC-9513-A95BC0DC1BDE}.Debug|Any CPU.Build.0 = Debug|Any CPU
		{94A8E0AA-40F8-44DC-9513-A95BC0DC1BDE}.Release|Any CPU.ActiveCfg = Release|Any CPU
		{94A8E0AA-40F8-44DC-9513-A95BC0DC1BDE}.Release|Any CPU.Build.0 = Release|Any CPU
		{D799009F-A76B-45C4-96F7-CB6D0F4425C5}.Debug|Any CPU.ActiveCfg = Debug|Any CPU
		{D799009F-A76B-45C4-96F7-CB6D0F4425C5}.Debug|Any CPU.Build.0 = Debug|Any CPU
		{D799009F-A76B-45C4-96F7-CB6D0F4425C5}.Release|Any CPU.ActiveCfg = Release|Any CPU
		{D799009F-A76B-45C4-96F7-CB6D0F4425C5}.Release|Any CPU.Build.0 = Release|Any CPU
		{A42B61A8-2BBF-4A67-B2DB-80319CBD04B6}.Debug|Any CPU.ActiveCfg = Debug|Any CPU
		{A42B61A8-2BBF-4A67-B2DB-80319CBD04B6}.Debug|Any CPU.Build.0 = Debug|Any CPU
		{A42B61A8-2BBF-4A67-B2DB-80319CBD04B6}.Release|Any CPU.ActiveCfg = Release|Any CPU
		{A42B61A8-2BBF-4A67-B2DB-80319CBD04B6}.Release|Any CPU.Build.0 = Release|Any CPU
	EndGlobalSection
	GlobalSection(NestedProjects) = preSolution
		{028D788B-F8BE-4B70-B36C-DD28BA0BCCF1} = {DE077B85-A146-4FD9-A516-1B96C8AFA3EE}
		{94A8E0AA-40F8-44DC-9513-A95BC0DC1BDE} = {DE077B85-A146-4FD9-A516-1B96C8AFA3EE}
		{D799009F-A76B-45C4-96F7-CB6D0F4425C5} = {DE077B85-A146-4FD9-A516-1B96C8AFA3EE}
		{A42B61A8-2BBF-4A67-B2DB-80319CBD04B6} = {A55EE891-807C-426A-808A-AC3CF45152EE}
	EndGlobalSection
EndGlobal
